github.com/fhs/gompd/v2 v2.3.0 h1:wuruUjmOODRlJhrYx73rJnzS7vTSXSU7pWmZtM3VPE0=
github.com/fhs/gompd/v2 v2.3.0/go.mod h1:nNdZtcpD5VpmzZbRl5rV6RhxeMmAWTxEsSIMBkmMIy4=
github.com/holoplot/go-evdev v0.0.0-20240306072622-217e18f17db1 h1:92OsBIf5KB1Tatx+uUGOhah73jyNUrt7DmfDRXXJ5Xo=
github.com/holoplot/go-evdev v0.0.0-20240306072622-217e18f17db1/go.mod h1:iHAf8OIncO2gcQ8XOjS7CMJ2aPbX2Bs0wl5pZyanEqk=
